// !$*UTF8*$!
{
	archiveVersion = 1;
	classes = {
	};
	objectVersion = 56;
	objects = {

/* Begin PBXBuildFile section */
		066D0EA62964C51A002FFF12 /* navigationTestApp.swift in Sources */ = {isa = PBXBuildFile; fileRef = 066D0EA52964C51A002FFF12 /* navigationTestApp.swift */; };
		066D0EA82964C51A002FFF12 /* ContentView.swift in Sources */ = {isa = PBXBuildFile; fileRef = 066D0EA72964C51A002FFF12 /* ContentView.swift */; };
		066D0EAA2964C51B002FFF12 /* Assets.xcassets in Resources */ = {isa = PBXBuildFile; fileRef = 066D0EA92964C51B002FFF12 /* Assets.xcassets */; };
		066D0EAD2964C51B002FFF12 /* Preview Assets.xcassets in Resources */ = {isa = PBXBuildFile; fileRef = 066D0EAC2964C51B002FFF12 /* Preview Assets.xcassets */; };
		066D0EB62964C583002FFF12 /* Welcome.swift in Sources */ = {isa = PBXBuildFile; fileRef = 066D0EB52964C583002FFF12 /* Welcome.swift */; };
		066D0EB82964C5DC002FFF12 /* SignIn.swift in Sources */ = {isa = PBXBuildFile; fileRef = 066D0EB72964C5DB002FFF12 /* SignIn.swift */; };
		066D0EBA2964C64D002FFF12 /* SignUp.swift in Sources */ = {isa = PBXBuildFile; fileRef = 066D0EB92964C64D002FFF12 /* SignUp.swift */; };
		066D0EBD2964C6C1002FFF12 /* SceneViewModel.swift in Sources */ = {isa = PBXBuildFile; fileRef = 066D0EBC2964C6C1002FFF12 /* SceneViewModel.swift */; };
		066D0EC02964C6FF002FFF12 /* SceneModel.swift in Sources */ = {isa = PBXBuildFile; fileRef = 066D0EBF2964C6FF002FFF12 /* SceneModel.swift */; };
/* End PBXBuildFile section */

/* Begin PBXFileReference section */
		066D0EA22964C51A002FFF12 /* navigationTest.app */ = {isa = PBXFileReference; explicitFileType = wrapper.application; includeInIndex = 0; path = navigationTest.app; sourceTree = BUILT_PRODUCTS_DIR; };
		066D0EA52964C51A002FFF12 /* navigationTestApp.swift */ = {isa = PBXFileReference; lastKnownFileType = sourcecode.swift; path = navigationTestApp.swift; sourceTree = "<group>"; };
		066D0EA72964C51A002FFF12 /* ContentView.swift */ = {isa = PBXFileReference; lastKnownFileType = sourcecode.swift; path = ContentView.swift; sourceTree = "<group>"; };
		066D0EA92964C51B002FFF12 /* Assets.xcassets */ = {isa = PBXFileReference; lastKnownFileType = folder.assetcatalog; path = Assets.xcassets; sourceTree = "<group>"; };
		066D0EAC2964C51B002FFF12 /* Preview Assets.xcassets */ = {isa = PBXFileReference; lastKnownFileType = folder.assetcatalog; path = "Preview Assets.xcassets"; sourceTree = "<group>"; };
		066D0EAE2964C51B002FFF12 /* navigationTest.entitlements */ = {isa = PBXFileReference; lastKnownFileType = text.plist.entitlements; path = navigationTest.entitlements; sourceTree = "<group>"; };
		066D0EB52964C583002FFF12 /* Welcome.swift */ = {isa = PBXFileReference; lastKnownFileType = sourcecode.swift; path = Welcome.swift; sourceTree = "<group>"; };
		066D0EB72964C5DB002FFF12 /* SignIn.swift */ = {isa = PBXFileReference; lastKnownFileType = sourcecode.swift; path = SignIn.swift; sourceTree = "<group>"; };
		066D0EB92964C64D002FFF12 /* SignUp.swift */ = {isa = PBXFileReference; lastKnownFileType = sourcecode.swift; path = SignUp.swift; sourceTree = "<group>"; };
		066D0EBC2964C6C1002FFF12 /* SceneViewModel.swift */ = {isa = PBXFileReference; lastKnownFileType = sourcecode.swift; path = SceneViewModel.swift; sourceTree = "<group>"; };
		066D0EBF2964C6FF002FFF12 /* SceneModel.swift */ = {isa = PBXFileReference; lastKnownFileType = sourcecode.swift; path = SceneModel.swift; sourceTree = "<group>"; };
/* End PBXFileReference section */

/* Begin PBXFrameworksBuildPhase section */
		066D0E9F2964C51A002FFF12 /* Frameworks */ = {
			isa = PBXFrameworksBuildPhase;
			buildActionMask = 2147483647;
			files = (
			);
			runOnlyForDeploymentPostprocessing = 0;
		};
/* End PBXFrameworksBuildPhase section */

/* Begin PBXGroup section */
		066D0E992964C51A002FFF12 = {
			isa = PBXGroup;
			children = (
				066D0EA42964C51A002FFF12 /* navigationTest */,
				066D0EA32964C51A002FFF12 /* Products */,
			);
			sourceTree = "<group>";
		};
		066D0EA32964C51A002FFF12 /* Products */ = {
			isa = PBXGroup;
			children = (
				066D0EA22964C51A002FFF12 /* navigationTest.app */,
			);
			name = Products;
			sourceTree = "<group>";
		};
		066D0EA42964C51A002FFF12 /* navigationTest */ = {
			isa = PBXGroup;
			children = (
				066D0EBE2964C6F4002FFF12 /* Models */,
				066D0EBB2964C6AF002FFF12 /* ViewModels */,
				066D0EB42964C576002FFF12 /* Screens */,
				066D0EA52964C51A002FFF12 /* navigationTestApp.swift */,
				066D0EA72964C51A002FFF12 /* ContentView.swift */,
				066D0EA92964C51B002FFF12 /* Assets.xcassets */,
				066D0EAE2964C51B002FFF12 /* navigationTest.entitlements */,
				066D0EAB2964C51B002FFF12 /* Preview Content */,
			);
			path = navigationTest;
			sourceTree = "<group>";
		};
		066D0EAB2964C51B002FFF12 /* Preview Content */ = {
			isa = PBXGroup;
			children = (
				066D0EAC2964C51B002FFF12 /* Preview Assets.xcassets */,
			);
			path = "Preview Content";
			sourceTree = "<group>";
		};
		066D0EB42964C576002FFF12 /* Screens */ = {
			isa = PBXGroup;
			children = (
				066D0EB52964C583002FFF12 /* Welcome.swift */,
				066D0EB72964C5DB002FFF12 /* SignIn.swift */,
				066D0EB92964C64D002FFF12 /* SignUp.swift */,
			);
			path = Screens;
			sourceTree = "<group>";
		};
		066D0EBB2964C6AF002FFF12 /* ViewModels */ = {
			isa = PBXGroup;
			children = (
				066D0EBC2964C6C1002FFF12 /* SceneViewModel.swift */,
			);
			path = ViewModels;
			sourceTree = "<group>";
		};
		066D0EBE2964C6F4002FFF12 /* Models */ = {
			isa = PBXGroup;
			children = (
				066D0EBF2964C6FF002FFF12 /* SceneModel.swift */,
			);
			path = Models;
			sourceTree = "<group>";
		};
/* End PBXGroup section */

/* Begin PBXNativeTarget section */
		066D0EA12964C51A002FFF12 /* navigationTest */ = {
			isa = PBXNativeTarget;
			buildConfigurationList = 066D0EB12964C51B002FFF12 /* Build configuration list for PBXNativeTarget "navigationTest" */;
			buildPhases = (
				066D0E9E2964C51A002FFF12 /* Sources */,
				066D0E9F2964C51A002FFF12 /* Frameworks */,
				066D0EA02964C51A002FFF12 /* Resources */,
			);
			buildRules = (
			);
			dependencies = (
			);
			name = navigationTest;
			productName = navigationTest;
			productReference = 066D0EA22964C51A002FFF12 /* navigationTest.app */;
			productType = "com.apple.product-type.application";
		};
/* End PBXNativeTarget section */

/* Begin PBXProject section */
		066D0E9A2964C51A002FFF12 /* Project object */ = {
			isa = PBXProject;
			attributes = {
				BuildIndependentTargetsInParallel = 1;
				LastSwiftUpdateCheck = 1410;
				LastUpgradeCheck = 1410;
				TargetAttributes = {
					066D0EA12964C51A002FFF12 = {
						CreatedOnToolsVersion = 14.1;
					};
				};
			};
			buildConfigurationList = 066D0E9D2964C51A002FFF12 /* Build configuration list for PBXProject "navigationTest" */;
			compatibilityVersion = "Xcode 14.0";
			developmentRegion = en;
			hasScannedForEncodings = 0;
			knownRegions = (
				en,
				Base,
			);
			mainGroup = 066D0E992964C51A002FFF12;
			productRefGroup = 066D0EA32964C51A002FFF12 /* Products */;
			projectDirPath = "";
			projectRoot = "";
			targets = (
				066D0EA12964C51A002FFF12 /* navigationTest */,
			);
		};
/* End PBXProject section */

/* Begin PBXResourcesBuildPhase section */
		066D0EA02964C51A002FFF12 /* Resources */ = {
			isa = PBXResourcesBuildPhase;
			buildActionMask = 2147483647;
			files = (
				066D0EAD2964C51B002FFF12 /* Preview Assets.xcassets in Resources */,
				066D0EAA2964C51B002FFF12 /* Assets.xcassets in Resources */,
			);
			runOnlyForDeploymentPostprocessing = 0;
		};
/* End PBXResourcesBuildPhase section */

/* Begin PBXSourcesBuildPhase section */
		066D0E9E2964C51A002FFF12 /* Sources */ = {
			isa = PBXSourcesBuildPhase;
			buildActionMask = 2147483647;
			files = (
				066D0EA82964C51A002FFF12 /* ContentView.swift in Sources */,
				066D0EB62964C583002FFF12 /* Welcome.swift in Sources */,
				066D0EA62964C51A002FFF12 /* navigationTestApp.swift in Sources */,
				066D0EBD2964C6C1002FFF12 /* SceneViewModel.swift in Sources */,
				066D0EB82964C5DC002FFF12 /* SignIn.swift in Sources */,
				066D0EC02964C6FF002FFF12 /* SceneModel.swift in Sources */,
				066D0EBA2964C64D002FFF12 /* SignUp.swift in Sources */,
			);
			runOnlyForDeploymentPostprocessing = 0;
		};
/* End PBXSourcesBuildPhase section */

/* Begin XCBuildConfiguration section */
		066D0EAF2964C51B002FFF12 /* Debug */ = {
			isa = XCBuildConfiguration;
			buildSettings = {
				ALWAYS_SEARCH_USER_PATHS = NO;
				CLANG_ANALYZER_NONNULL = YES;
				CLANG_ANALYZER_NUMBER_OBJECT_CONVERSION = YES_AGGRESSIVE;
				CLANG_CXX_LANGUAGE_STANDARD = "gnu++20";
				CLANG_ENABLE_MODULES = YES;
				CLANG_ENABLE_OBJC_ARC = YES;
				CLANG_ENABLE_OBJC_WEAK = YES;
				CLANG_WARN_BLOCK_CAPTURE_AUTORELEASING = YES;
				CLANG_WARN_BOOL_CONVERSION = YES;
				CLANG_WARN_COMMA = YES;
				CLANG_WARN_CONSTANT_CONVERSION = YES;
				CLANG_WARN_DEPRECATED_OBJC_IMPLEMENTATIONS = YES;
				CLANG_WARN_DIRECT_OBJC_ISA_USAGE = YES_ERROR;
				CLANG_WARN_DOCUMENTATION_COMMENTS = YES;
				CLANG_WARN_EMPTY_BODY = YES;
				CLANG_WARN_ENUM_CONVERSION = YES;
				CLANG_WARN_INFINITE_RECURSION = YES;
				CLANG_WARN_INT_CONVERSION = YES;
				CLANG_WARN_NON_LITERAL_NULL_CONVERSION = YES;
				CLANG_WARN_OBJC_IMPLICIT_RETAIN_SELF = YES;
				CLANG_WARN_OBJC_LITERAL_CONVERSION = YES;
				CLANG_WARN_OBJC_ROOT_CLASS = YES_ERROR;
				CLANG_WARN_QUOTED_INCLUDE_IN_FRAMEWORK_HEADER = YES;
				CLANG_WARN_RANGE_LOOP_ANALYSIS = YES;
				CLANG_WARN_STRICT_PROTOTYPES = YES;
				CLANG_WARN_SUSPICIOUS_MOVE = YES;
				CLANG_WARN_UNGUARDED_AVAILABILITY = YES_AGGRESSIVE;
				CLANG_WARN_UNREACHABLE_CODE = YES;
				CLANG_WARN__DUPLICATE_METHOD_MATCH = YES;
				COPY_PHASE_STRIP = NO;
				DEBUG_INFORMATION_FORMAT = dwarf;
				ENABLE_STRICT_OBJC_MSGSEND = YES;
				ENABLE_TESTABILITY = YES;
				GCC_C_LANGUAGE_STANDARD = gnu11;
				GCC_DYNAMIC_NO_PIC = NO;
				GCC_NO_COMMON_BLOCKS = YES;
				GCC_OPTIMIZATION_LEVEL = 0;
				GCC_PREPROCESSOR_DEFINITIONS = (
					"DEBUG=1",
					"$(inherited)",
				);
				GCC_WARN_64_TO_32_BIT_CONVERSION = YES;
				GCC_WARN_ABOUT_RETURN_TYPE = YES_ERROR;
				GCC_WARN_UNDECLARED_SELECTOR = YES;
				GCC_WARN_UNINITIALIZED_AUTOS = YES_AGGRESSIVE;
				GCC_WARN_UNUSED_FUNCTION = YES;
				GCC_WARN_UNUSED_VARIABLE = YES;
				MACOSX_DEPLOYMENT_TARGET = 13.0;
				MTL_ENABLE_DEBUG_INFO = INCLUDE_SOURCE;
				MTL_FAST_MATH = YES;
				ONLY_ACTIVE_ARCH = YES;
				SDKROOT = macosx;
				SWIFT_ACTIVE_COMPILATION_CONDITIONS = DEBUG;
				SWIFT_OPTIMIZATION_LEVEL = "-Onone";
			};
			name = Debug;
		};
		066D0EB02964C51B002FFF12 /* Release */ = {
			isa = XCBuildConfiguration;
			buildSettings = {
				ALWAYS_SEARCH_USER_PATHS = NO;
				CLANG_ANALYZER_NONNULL = YES;
				CLANG_ANALYZER_NUMBER_OBJECT_CONVERSION = YES_AGGRESSIVE;
				CLANG_CXX_LANGUAGE_STANDARD = "gnu++20";
				CLANG_ENABLE_MODULES = YES;
				CLANG_ENABLE_OBJC_ARC = YES;
				CLANG_ENABLE_OBJC_WEAK = YES;
				CLANG_WARN_BLOCK_CAPTURE_AUTORELEASING = YES;
				CLANG_WARN_BOOL_CONVERSION = YES;
				CLANG_WARN_COMMA = YES;
				CLANG_WARN_CONSTANT_CONVERSION = YES;
				CLANG_WARN_DEPRECATED_OBJC_IMPLEMENTATIONS = YES;
				CLANG_WARN_DIRECT_OBJC_ISA_USAGE = YES_ERROR;
				CLANG_WARN_DOCUMENTATION_COMMENTS = YES;
				CLANG_WARN_EMPTY_BODY = YES;
				CLANG_WARN_ENUM_CONVERSION = YES;
				CLANG_WARN_INFINITE_RECURSION = YES;
				CLANG_WARN_INT_CONVERSION = YES;
				CLANG_WARN_NON_LITERAL_NULL_CONVERSION = YES;
				CLANG_WARN_OBJC_IMPLICIT_RETAIN_SELF = YES;
				CLANG_WARN_OBJC_LITERAL_CONVERSION = YES;
				CLANG_WARN_OBJC_ROOT_CLASS = YES_ERROR;
				CLANG_WARN_QUOTED_INCLUDE_IN_FRAMEWORK_HEADER = YES;
				CLANG_WARN_RANGE_LOOP_ANALYSIS = YES;
				CLANG_WARN_STRICT_PROTOTYPES = YES;
				CLANG_WARN_SUSPICIOUS_MOVE = YES;
				CLANG_WARN_UNGUARDED_AVAILABILITY = YES_AGGRESSIVE;
				CLANG_WARN_UNREACHABLE_CODE = YES;
				CLANG_WARN__DUPLICATE_METHOD_MATCH = YES;
				COPY_PHASE_STRIP = NO;
				DEBUG_INFORMATION_FORMAT = "dwarf-with-dsym";
				ENABLE_NS_ASSERTIONS = NO;
				ENABLE_STRICT_OBJC_MSGSEND = YES;
				GCC_C_LANGUAGE_STANDARD = gnu11;
				GCC_NO_COMMON_BLOCKS = YES;
				GCC_WARN_64_TO_32_BIT_CONVERSION = YES;
				GCC_WARN_ABOUT_RETURN_TYPE = YES_ERROR;
				GCC_WARN_UNDECLARED_SELECTOR = YES;
				GCC_WARN_UNINITIALIZED_AUTOS = YES_AGGRESSIVE;
				GCC_WARN_UNUSED_FUNCTION = YES;
				GCC_WARN_UNUSED_VARIABLE = YES;
				MACOSX_DEPLOYMENT_TARGET = 13.0;
				MTL_ENABLE_DEBUG_INFO = NO;
				MTL_FAST_MATH = YES;
				SDKROOT = macosx;
				SWIFT_COMPILATION_MODE = wholemodule;
				SWIFT_OPTIMIZATION_LEVEL = "-O";
			};
			name = Release;
		};
		066D0EB22964C51B002FFF12 /* Debug */ = {
			isa = XCBuildConfiguration;
			buildSettings = {
				ASSETCATALOG_COMPILER_APPICON_NAME = AppIcon;
				ASSETCATALOG_COMPILER_GLOBAL_ACCENT_COLOR_NAME = AccentColor;
				CODE_SIGN_ENTITLEMENTS = navigationTest/navigationTest.entitlements;
				CODE_SIGN_STYLE = Automatic;
				COMBINE_HIDPI_IMAGES = YES;
				CURRENT_PROJECT_VERSION = 1;
				DEVELOPMENT_ASSET_PATHS = "\"navigationTest/Preview Content\"";
				DEVELOPMENT_TEAM = VY8XK53ZWM;
				ENABLE_HARDENED_RUNTIME = YES;
				ENABLE_PREVIEWS = YES;
				GENERATE_INFOPLIST_FILE = YES;
				INFOPLIST_KEY_NSHumanReadableCopyright = "";
				LD_RUNPATH_SEARCH_PATHS = (
					"$(inherited)",
					"@executable_path/../Frameworks",
				);
				MARKETING_VERSION = 1.0;
				PRODUCT_BUNDLE_IDENTIFIER = test.baris.test.navigationTest;
				PRODUCT_NAME = "$(TARGET_NAME)";
				SWIFT_EMIT_LOC_STRINGS = YES;
				SWIFT_VERSION = 5.0;
			};
			name = Debug;
		};
		066D0EB32964C51B002FFF12 /* Release */ = {
			isa = XCBuildConfiguration;
			buildSettings = {
				ASSETCATALOG_COMPILER_APPICON_NAME = AppIcon;
				ASSETCATALOG_COMPILER_GLOBAL_ACCENT_COLOR_NAME = AccentColor;
				CODE_SIGN_ENTITLEMENTS = navigationTest/navigationTest.entitlements;
				CODE_SIGN_STYLE = Automatic;
				COMBINE_HIDPI_IMAGES = YES;
				CURRENT_PROJECT_VERSION = 1;
				DEVELOPMENT_ASSET_PATHS = "\"navigationTest/Preview Content\"";
				DEVELOPMENT_TEAM = VY8XK53ZWM;
				ENABLE_HARDENED_RUNTIME = YES;
				ENABLE_PREVIEWS = YES;
				GENERATE_INFOPLIST_FILE = YES;
				INFOPLIST_KEY_NSHumanReadableCopyright = "";
				LD_RUNPATH_SEARCH_PATHS = (
					"$(inherited)",
					"@executable_path/../Frameworks",
				);
				MARKETING_VERSION = 1.0;
				PRODUCT_BUNDLE_IDENTIFIER = test.baris.test.navigationTest;
				PRODUCT_NAME = "$(TARGET_NAME)";
				SWIFT_EMIT_LOC_STRINGS = YES;
				SWIFT_VERSION = 5.0;
			};
			name = Release;
		};
/* End XCBuildConfiguration section */

/* Begin XCConfigurationList section */
		066D0E9D2964C51A002FFF12 /* Build configuration list for PBXProject "navigationTest" */ = {
			isa = XCConfigurationList;
			buildConfigurations = (
				066D0EAF2964C51B002FFF12 /* Debug */,
				066D0EB02964C51B002FFF12 /* Release */,
			);
			defaultConfigurationIsVisible = 0;
			defaultConfigurationName = Release;
		};
		066D0EB12964C51B002FFF12 /* Build configuration list for PBXNativeTarget "navigationTest" */ = {
			isa = XCConfigurationList;
			buildConfigurations = (
				066D0EB22964C51B002FFF12 /* Debug */,
				066D0EB32964C51B002FFF12 /* Release */,
			);
			defaultConfigurationIsVisible = 0;
			defaultConfigurationName = Release;
		};
/* End XCConfigurationList section */
	};
	rootObject = 066D0E9A2964C51A002FFF12 /* Project object */;
}
